{
  "name": "infra",
  "lockfileVersion": 3,
  "requires": true,
  "packages": {
    "": {
      "dependencies": {
        "@bhoon716/skill-forge": "^1.3.0"
      }
    },
    "node_modules/@bhoon716/skill-forge": {
      "version": "1.3.0",
      "resolved": "https://registry.npmjs.org/@bhoon716/skill-forge/-/skill-forge-1.3.0.tgz",
      "integrity": "sha512-WbE900Bf6Gqs36i++vxF6xi+NNuLUdhqkhnZPprNQMB2YA0KQivSll8bJmtMuLiqfn1M4xYhP9u2mgAceGpu8w==",
      "license": "MIT",
      "bin": {
        "skill-forge": "bin/cli.js"
      },
      "engines": {
        "node": ">=16.0.0"
      }
    }
  }
}
